// !$*UTF8*$!
{
	archiveVersion = 1;
	classes = {
	};
	objectVersion = 50;
	objects = {

/* Begin PBXBuildFile section */
		1DE3DD6356192A9E04F36594 /* Pods_TwitterExample.framework in Frameworks */ = {isa = PBXBuildFile; fileRef = FB9E83BAB8E7CC99C1000684 /* Pods_TwitterExample.framework */; };
		3F55AF3321E3B66D0099A11D /* AppDelegate.swift in Sources */ = {isa = PBXBuildFile; fileRef = 3F55AF3221E3B66D0099A11D /* AppDelegate.swift */; };
		3F55AF3521E3B66D0099A11D /* SignInViewController.swift in Sources */ = {isa = PBXBuildFile; fileRef = 3F55AF3421E3B66D0099A11D /* SignInViewController.swift */; };
		3F55AF3821E3B66D0099A11D /* Main.storyboard in Resources */ = {isa = PBXBuildFile; fileRef = 3F55AF3621E3B66D0099A11D /* Main.storyboard */; };
		3F55AF3A21E3B66D0099A11D /* Assets.xcassets in Resources */ = {isa = PBXBuildFile; fileRef = 3F55AF3921E3B66D0099A11D /* Assets.xcassets */; };
		3F55AF3D21E3B66D0099A11D /* LaunchScreen.storyboard in Resources */ = {isa = PBXBuildFile; fileRef = 3F55AF3B21E3B66D0099A11D /* LaunchScreen.storyboard */; };
		3F55AF4521E3B6C70099A11D /* TwitterService.swift in Sources */ = {isa = PBXBuildFile; fileRef = 3F55AF4421E3B6C70099A11D /* TwitterService.swift */; };
		3F55AF4821E3BB9D0099A11D /* TwitterKeys.swift in Sources */ = {isa = PBXBuildFile; fileRef = 3F55AF4721E3BB9D0099A11D /* TwitterKeys.swift */; };
		3F55AF4A21E3BC4B0099A11D /* TwitterURLs.swift in Sources */ = {isa = PBXBuildFile; fileRef = 3F55AF4921E3BC4B0099A11D /* TwitterURLs.swift */; };
		3F8A6C3821E3ECBF00B32E0A /* TweetViewController.swift in Sources */ = {isa = PBXBuildFile; fileRef = 3F8A6C3721E3ECBF00B32E0A /* TweetViewController.swift */; };
		3F8A6C3C21E3F76C00B32E0A /* UIViewController+Style.swift in Sources */ = {isa = PBXBuildFile; fileRef = 3F8A6C3B21E3F76C00B32E0A /* UIViewController+Style.swift */; };
		3FA6786421E4F2BE00502E77 /* KeychainConfiguration.swift in Sources */ = {isa = PBXBuildFile; fileRef = 3FA6786221E4F2BE00502E77 /* KeychainConfiguration.swift */; };
		3FA6786521E4F2BE00502E77 /* KeychainPasswordItem.swift in Sources */ = {isa = PBXBuildFile; fileRef = 3FA6786321E4F2BE00502E77 /* KeychainPasswordItem.swift */; };
		3FA6786721E50AA200502E77 /* KeychainService.swift in Sources */ = {isa = PBXBuildFile; fileRef = 3FA6786621E50AA200502E77 /* KeychainService.swift */; };
/* End PBXBuildFile section */

/* Begin PBXFileReference section */
		32840E0B49A40EA09663F89B /* Pods-TwitterExample.release.xcconfig */ = {isa = PBXFileReference; includeInIndex = 1; lastKnownFileType = text.xcconfig; name = "Pods-TwitterExample.release.xcconfig"; path = "Pods/Target Support Files/Pods-TwitterExample/Pods-TwitterExample.release.xcconfig"; sourceTree = "<group>"; };
		3F55AF2F21E3B66C0099A11D /* TwitterExample.app */ = {isa = PBXFileReference; explicitFileType = wrapper.application; includeInIndex = 0; path = TwitterExample.app; sourceTree = BUILT_PRODUCTS_DIR; };
		3F55AF3221E3B66D0099A11D /* AppDelegate.swift */ = {isa = PBXFileReference; lastKnownFileType = sourcecode.swift; path = AppDelegate.swift; sourceTree = "<group>"; };
		3F55AF3421E3B66D0099A11D /* SignInViewController.swift */ = {isa = PBXFileReference; lastKnownFileType = sourcecode.swift; path = SignInViewController.swift; sourceTree = "<group>"; };
		3F55AF3721E3B66D0099A11D /* Base */ = {isa = PBXFileReference; lastKnownFileType = file.storyboard; name = Base; path = Base.lproj/Main.storyboard; sourceTree = "<group>"; };
		3F55AF3921E3B66D0099A11D /* Assets.xcassets */ = {isa = PBXFileReference; lastKnownFileType = folder.assetcatalog; path = Assets.xcassets; sourceTree = "<group>"; };
		3F55AF3C21E3B66D0099A11D /* Base */ = {isa = PBXFileReference; lastKnownFileType = file.storyboard; name = Base; path = Base.lproj/LaunchScreen.storyboard; sourceTree = "<group>"; };
		3F55AF3E21E3B66D0099A11D /* Info.plist */ = {isa = PBXFileReference; lastKnownFileType = text.plist.xml; path = Info.plist; sourceTree = "<group>"; };
		3F55AF4421E3B6C70099A11D /* TwitterService.swift */ = {isa = PBXFileReference; lastKnownFileType = sourcecode.swift; path = TwitterService.swift; sourceTree = "<group>"; };
		3F55AF4721E3BB9D0099A11D /* TwitterKeys.swift */ = {isa = PBXFileReference; lastKnownFileType = sourcecode.swift; path = TwitterKeys.swift; sourceTree = "<group>"; };
		3F55AF4921E3BC4B0099A11D /* TwitterURLs.swift */ = {isa = PBXFileReference; lastKnownFileType = sourcecode.swift; path = TwitterURLs.swift; sourceTree = "<group>"; };
		3F8A6C3721E3ECBF00B32E0A /* TweetViewController.swift */ = {isa = PBXFileReference; lastKnownFileType = sourcecode.swift; path = TweetViewController.swift; sourceTree = "<group>"; };
		3F8A6C3B21E3F76C00B32E0A /* UIViewController+Style.swift */ = {isa = PBXFileReference; lastKnownFileType = sourcecode.swift; path = "UIViewController+Style.swift"; sourceTree = "<group>"; };
		3FA6786221E4F2BE00502E77 /* KeychainConfiguration.swift */ = {isa = PBXFileReference; fileEncoding = 4; lastKnownFileType = sourcecode.swift; path = KeychainConfiguration.swift; sourceTree = "<group>"; };
		3FA6786321E4F2BE00502E77 /* KeychainPasswordItem.swift */ = {isa = PBXFileReference; fileEncoding = 4; lastKnownFileType = sourcecode.swift; path = KeychainPasswordItem.swift; sourceTree = "<group>"; };
		3FA6786621E50AA200502E77 /* KeychainService.swift */ = {isa = PBXFileReference; lastKnownFileType = sourcecode.swift; path = KeychainService.swift; sourceTree = "<group>"; };
		5EDE360CA791BD5B41D17FAC /* Pods-TwitterExample.debug.xcconfig */ = {isa = PBXFileReference; includeInIndex = 1; lastKnownFileType = text.xcconfig; name = "Pods-TwitterExample.debug.xcconfig"; path = "Pods/Target Support Files/Pods-TwitterExample/Pods-TwitterExample.debug.xcconfig"; sourceTree = "<group>"; };
		FB9E83BAB8E7CC99C1000684 /* Pods_TwitterExample.framework */ = {isa = PBXFileReference; explicitFileType = wrapper.framework; includeInIndex = 0; path = Pods_TwitterExample.framework; sourceTree = BUILT_PRODUCTS_DIR; };
/* End PBXFileReference section */

/* Begin PBXFrameworksBuildPhase section */
		3F55AF2C21E3B66C0099A11D /* Frameworks */ = {
			isa = PBXFrameworksBuildPhase;
			buildActionMask = 2147483647;
			files = (
				1DE3DD6356192A9E04F36594 /* Pods_TwitterExample.framework in Frameworks */,
			);
			runOnlyForDeploymentPostprocessing = 0;
		};
/* End PBXFrameworksBuildPhase section */

/* Begin PBXGroup section */
		3C869BA7A6FECFC786EB3BAB /* Pods */ = {
			isa = PBXGroup;
			children = (
				5EDE360CA791BD5B41D17FAC /* Pods-TwitterExample.debug.xcconfig */,
				32840E0B49A40EA09663F89B /* Pods-TwitterExample.release.xcconfig */,
			);
			name = Pods;
			sourceTree = "<group>";
		};
		3F55AF2621E3B66C0099A11D = {
			isa = PBXGroup;
			children = (
				3F55AF3121E3B66C0099A11D /* TwitterExample */,
				3F55AF3021E3B66C0099A11D /* Products */,
				3C869BA7A6FECFC786EB3BAB /* Pods */,
				A66E9385939942B526CA6B47 /* Frameworks */,
			);
			sourceTree = "<group>";
		};
		3F55AF3021E3B66C0099A11D /* Products */ = {
			isa = PBXGroup;
			children = (
				3F55AF2F21E3B66C0099A11D /* TwitterExample.app */,
			);
			name = Products;
			sourceTree = "<group>";
		};
		3F55AF3121E3B66C0099A11D /* TwitterExample */ = {
			isa = PBXGroup;
			children = (
				3FA6786121E4F2AC00502E77 /* Keychain */,
				3F8A6C3A21E3F76200B32E0A /* Utility */,
				3F55AF4621E3BB8C0099A11D /* TwitterService */,
				3F8A6C3D21E3FDA000B32E0A /* View */,
				3F55AF3221E3B66D0099A11D /* AppDelegate.swift */,
				3F55AF3621E3B66D0099A11D /* Main.storyboard */,
				3F55AF3921E3B66D0099A11D /* Assets.xcassets */,
				3F55AF3B21E3B66D0099A11D /* LaunchScreen.storyboard */,
				3F55AF3E21E3B66D0099A11D /* Info.plist */,
			);
			path = TwitterExample;
			sourceTree = "<group>";
		};
		3F55AF4621E3BB8C0099A11D /* TwitterService */ = {
			isa = PBXGroup;
			children = (
				3F55AF4721E3BB9D0099A11D /* TwitterKeys.swift */,
				3F55AF4921E3BC4B0099A11D /* TwitterURLs.swift */,
				3F55AF4421E3B6C70099A11D /* TwitterService.swift */,
			);
			path = TwitterService;
			sourceTree = "<group>";
		};
		3F8A6C3321E3EC9B00B32E0A /* ViewControllers */ = {
			isa = PBXGroup;
			children = (
				3F55AF3421E3B66D0099A11D /* SignInViewController.swift */,
				3F8A6C3721E3ECBF00B32E0A /* TweetViewController.swift */,
			);
			path = ViewControllers;
			sourceTree = "<group>";
		};
		3F8A6C3A21E3F76200B32E0A /* Utility */ = {
			isa = PBXGroup;
			children = (
				3F8A6C3B21E3F76C00B32E0A /* UIViewController+Style.swift */,
			);
			path = Utility;
			sourceTree = "<group>";
		};
		3F8A6C3D21E3FDA000B32E0A /* View */ = {
			isa = PBXGroup;
			children = (
				3F8A6C3321E3EC9B00B32E0A /* ViewControllers */,
			);
			path = View;
			sourceTree = "<group>";
		};
		3FA6786121E4F2AC00502E77 /* Keychain */ = {
			isa = PBXGroup;
			children = (
				3FA6786221E4F2BE00502E77 /* KeychainConfiguration.swift */,
				3FA6786321E4F2BE00502E77 /* KeychainPasswordItem.swift */,
				3FA6786621E50AA200502E77 /* KeychainService.swift */,
			);
			path = Keychain;
			sourceTree = "<group>";
		};
		A66E9385939942B526CA6B47 /* Frameworks */ = {
			isa = PBXGroup;
			children = (
				FB9E83BAB8E7CC99C1000684 /* Pods_TwitterExample.framework */,
			);
			name = Frameworks;
			sourceTree = "<group>";
		};
/* End PBXGroup section */

/* Begin PBXNativeTarget section */
		3F55AF2E21E3B66C0099A11D /* TwitterExample */ = {
			isa = PBXNativeTarget;
			buildConfigurationList = 3F55AF4121E3B66D0099A11D /* Build configuration list for PBXNativeTarget "TwitterExample" */;
			buildPhases = (
				E7886522CEF92EA2E7B9DF59 /* [CP] Check Pods Manifest.lock */,
				3F55AF2B21E3B66C0099A11D /* Sources */,
				3F55AF2C21E3B66C0099A11D /* Frameworks */,
				3F55AF2D21E3B66C0099A11D /* Resources */,
				FAD3D29753EA6AAA82934D1E /* [CP] Embed Pods Frameworks */,
			);
			buildRules = (
			);
			dependencies = (
			);
			name = TwitterExample;
			productName = TwitterExample;
			productReference = 3F55AF2F21E3B66C0099A11D /* TwitterExample.app */;
			productType = "com.apple.product-type.application";
		};
/* End PBXNativeTarget section */

/* Begin PBXProject section */
		3F55AF2721E3B66C0099A11D /* Project object */ = {
			isa = PBXProject;
			attributes = {
				LastSwiftUpdateCheck = 1010;
				LastUpgradeCheck = 1010;
				ORGANIZATIONNAME = "Kevin Yu";
				TargetAttributes = {
					3F55AF2E21E3B66C0099A11D = {
						CreatedOnToolsVersion = 10.1;
					};
				};
			};
			buildConfigurationList = 3F55AF2A21E3B66C0099A11D /* Build configuration list for PBXProject "TwitterExample" */;
			compatibilityVersion = "Xcode 9.3";
			developmentRegion = en;
			hasScannedForEncodings = 0;
			knownRegions = (
				en,
				Base,
			);
			mainGroup = 3F55AF2621E3B66C0099A11D;
			productRefGroup = 3F55AF3021E3B66C0099A11D /* Products */;
			projectDirPath = "";
			projectRoot = "";
			targets = (
				3F55AF2E21E3B66C0099A11D /* TwitterExample */,
			);
		};
/* End PBXProject section */

/* Begin PBXResourcesBuildPhase section */
		3F55AF2D21E3B66C0099A11D /* Resources */ = {
			isa = PBXResourcesBuildPhase;
			buildActionMask = 2147483647;
			files = (
				3F55AF3D21E3B66D0099A11D /* LaunchScreen.storyboard in Resources */,
				3F55AF3A21E3B66D0099A11D /* Assets.xcassets in Resources */,
				3F55AF3821E3B66D0099A11D /* Main.storyboard in Resources */,
			);
			runOnlyForDeploymentPostprocessing = 0;
		};
/* End PBXResourcesBuildPhase section */

/* Begin PBXShellScriptBuildPhase section */
		E7886522CEF92EA2E7B9DF59 /* [CP] Check Pods Manifest.lock */ = {
			isa = PBXShellScriptBuildPhase;
			buildActionMask = 2147483647;
			files = (
			);
			inputFileListPaths = (
			);
			inputPaths = (
				"${PODS_PODFILE_DIR_PATH}/Podfile.lock",
				"${PODS_ROOT}/Manifest.lock",
			);
			name = "[CP] Check Pods Manifest.lock";
			outputFileListPaths = (
			);
			outputPaths = (
				"$(DERIVED_FILE_DIR)/Pods-TwitterExample-checkManifestLockResult.txt",
			);
			runOnlyForDeploymentPostprocessing = 0;
			shellPath = /bin/sh;
			shellScript = "diff \"${PODS_PODFILE_DIR_PATH}/Podfile.lock\" \"${PODS_ROOT}/Manifest.lock\" > /dev/null\nif [ $? != 0 ] ; then\n    # print error to STDERR\n    echo \"error: The sandbox is not in sync with the Podfile.lock. Run 'pod install' or update your CocoaPods installation.\" >&2\n    exit 1\nfi\n# This output is used by Xcode 'outputs' to avoid re-running this script phase.\necho \"SUCCESS\" > \"${SCRIPT_OUTPUT_FILE_0}\"\n";
			showEnvVarsInLog = 0;
		};
		FAD3D29753EA6AAA82934D1E /* [CP] Embed Pods Frameworks */ = {
			isa = PBXShellScriptBuildPhase;
			buildActionMask = 2147483647;
			files = (
			);
			inputFileListPaths = (
			);
			inputPaths = (
				"${SRCROOT}/Pods/Target Support Files/Pods-TwitterExample/Pods-TwitterExample-frameworks.sh",
				"${BUILT_PRODUCTS_DIR}/OAuthSwift/OAuthSwift.framework",
			);
			name = "[CP] Embed Pods Frameworks";
			outputFileListPaths = (
			);
			outputPaths = (
				"${TARGET_BUILD_DIR}/${FRAMEWORKS_FOLDER_PATH}/OAuthSwift.framework",
			);
			runOnlyForDeploymentPostprocessing = 0;
			shellPath = /bin/sh;
			shellScript = "\"${SRCROOT}/Pods/Target Support Files/Pods-TwitterExample/Pods-TwitterExample-frameworks.sh\"\n";
			showEnvVarsInLog = 0;
		};
/* End PBXShellScriptBuildPhase section */

/* Begin PBXSourcesBuildPhase section */
		3F55AF2B21E3B66C0099A11D /* Sources */ = {
			isa = PBXSourcesBuildPhase;
			buildActionMask = 2147483647;
			files = (
				3F8A6C3C21E3F76C00B32E0A /* UIViewController+Style.swift in Sources */,
				3F55AF4821E3BB9D0099A11D /* TwitterKeys.swift in Sources */,
				3FA6786721E50AA200502E77 /* KeychainService.swift in Sources */,
				3FA6786421E4F2BE00502E77 /* KeychainConfiguration.swift in Sources */,
				3F55AF3521E3B66D0099A11D /* SignInViewController.swift in Sources */,
				3F55AF3321E3B66D0099A11D /* AppDelegate.swift in Sources */,
				3FA6786521E4F2BE00502E77 /* KeychainPasswordItem.swift in Sources */,
				3F8A6C3821E3ECBF00B32E0A /* TweetViewController.swift in Sources */,
				3F55AF4521E3B6C70099A11D /* TwitterService.swift in Sources */,
				3F55AF4A21E3BC4B0099A11D /* TwitterURLs.swift in Sources */,
			);
			runOnlyForDeploymentPostprocessing = 0;
		};
/* End PBXSourcesBuildPhase section */

/* Begin PBXVariantGroup section */
		3F55AF3621E3B66D0099A11D /* Main.storyboard */ = {
			isa = PBXVariantGroup;
			children = (
				3F55AF3721E3B66D0099A11D /* Base */,
			);
			name = Main.storyboard;
			sourceTree = "<group>";
		};
		3F55AF3B21E3B66D0099A11D /* LaunchScreen.storyboard */ = {
			isa = PBXVariantGroup;
			children = (
				3F55AF3C21E3B66D0099A11D /* Base */,
			);
			name = LaunchScreen.storyboard;
			sourceTree = "<group>";
		};
/* End PBXVariantGroup section */

/* Begin XCBuildConfiguration section */
		3F55AF3F21E3B66D0099A11D /* Debug */ = {
			isa = XCBuildConfiguration;
			buildSettings = {
				ALWAYS_SEARCH_USER_PATHS = NO;
				CLANG_ANALYZER_NONNULL = YES;
				CLANG_ANALYZER_NUMBER_OBJECT_CONVERSION = YES_AGGRESSIVE;
				CLANG_CXX_LANGUAGE_STANDARD = "gnu++14";
				CLANG_CXX_LIBRARY = "libc++";
				CLANG_ENABLE_MODULES = YES;
				CLANG_ENABLE_OBJC_ARC = YES;
				CLANG_ENABLE_OBJC_WEAK = YES;
				CLANG_WARN_BLOCK_CAPTURE_AUTORELEASING = YES;
				CLANG_WARN_BOOL_CONVERSION = YES;
				CLANG_WARN_COMMA = YES;
				CLANG_WARN_CONSTANT_CONVERSION = YES;
				CLANG_WARN_DEPRECATED_OBJC_IMPLEMENTATIONS = YES;
				CLANG_WARN_DIRECT_OBJC_ISA_USAGE = YES_ERROR;
				CLANG_WARN_DOCUMENTATION_COMMENTS = YES;
				CLANG_WARN_EMPTY_BODY = YES;
				CLANG_WARN_ENUM_CONVERSION = YES;
				CLANG_WARN_INFINITE_RECURSION = YES;
				CLANG_WARN_INT_CONVERSION = YES;
				CLANG_WARN_NON_LITERAL_NULL_CONVERSION = YES;
				CLANG_WARN_OBJC_IMPLICIT_RETAIN_SELF = YES;
				CLANG_WARN_OBJC_LITERAL_CONVERSION = YES;
				CLANG_WARN_OBJC_ROOT_CLASS = YES_ERROR;
				CLANG_WARN_RANGE_LOOP_ANALYSIS = YES;
				CLANG_WARN_STRICT_PROTOTYPES = YES;
				CLANG_WARN_SUSPICIOUS_MOVE = YES;
				CLANG_WARN_UNGUARDED_AVAILABILITY = YES_AGGRESSIVE;
				CLANG_WARN_UNREACHABLE_CODE = YES;
				CLANG_WARN__DUPLICATE_METHOD_MATCH = YES;
				CODE_SIGN_IDENTITY = "iPhone Developer";
				COPY_PHASE_STRIP = NO;
				DEBUG_INFORMATION_FORMAT = dwarf;
				ENABLE_STRICT_OBJC_MSGSEND = YES;
				ENABLE_TESTABILITY = YES;
				GCC_C_LANGUAGE_STANDARD = gnu11;
				GCC_DYNAMIC_NO_PIC = NO;
				GCC_NO_COMMON_BLOCKS = YES;
				GCC_OPTIMIZATION_LEVEL = 0;
				GCC_PREPROCESSOR_DEFINITIONS = (
					"DEBUG=1",
					"$(inherited)",
				);
				GCC_WARN_64_TO_32_BIT_CONVERSION = YES;
				GCC_WARN_ABOUT_RETURN_TYPE = YES_ERROR;
				GCC_WARN_UNDECLARED_SELECTOR = YES;
				GCC_WARN_UNINITIALIZED_AUTOS = YES_AGGRESSIVE;
				GCC_WARN_UNUSED_FUNCTION = YES;
				GCC_WARN_UNUSED_VARIABLE = YES;
				IPHONEOS_DEPLOYMENT_TARGET = 12.1;
				MTL_ENABLE_DEBUG_INFO = INCLUDE_SOURCE;
				MTL_FAST_MATH = YES;
				ONLY_ACTIVE_ARCH = YES;
				SDKROOT = iphoneos;
				SWIFT_ACTIVE_COMPILATION_CONDITIONS = DEBUG;
				SWIFT_OPTIMIZATION_LEVEL = "-Onone";
			};
			name = Debug;
		};
		3F55AF4021E3B66D0099A11D /* Release */ = {
			isa = XCBuildConfiguration;
			buildSettings = {
				ALWAYS_SEARCH_USER_PATHS = NO;
				CLANG_ANALYZER_NONNULL = YES;
				CLANG_ANALYZER_NUMBER_OBJECT_CONVERSION = YES_AGGRESSIVE;
				CLANG_CXX_LANGUAGE_STANDARD = "gnu++14";
				CLANG_CXX_LIBRARY = "libc++";
				CLANG_ENABLE_MODULES = YES;
				CLANG_ENABLE_OBJC_ARC = YES;
				CLANG_ENABLE_OBJC_WEAK = YES;
				CLANG_WARN_BLOCK_CAPTURE_AUTORELEASING = YES;
				CLANG_WARN_BOOL_CONVERSION = YES;
				CLANG_WARN_COMMA = YES;
				CLANG_WARN_CONSTANT_CONVERSION = YES;
				CLANG_WARN_DEPRECATED_OBJC_IMPLEMENTATIONS = YES;
				CLANG_WARN_DIRECT_OBJC_ISA_USAGE = YES_ERROR;
				CLANG_WARN_DOCUMENTATION_COMMENTS = YES;
				CLANG_WARN_EMPTY_BODY = YES;
				CLANG_WARN_ENUM_CONVERSION = YES;
				CLANG_WARN_INFINITE_RECURSION = YES;
				CLANG_WARN_INT_CONVERSION = YES;
				CLANG_WARN_NON_LITERAL_NULL_CONVERSION = YES;
				CLANG_WARN_OBJC_IMPLICIT_RETAIN_SELF = YES;
				CLANG_WARN_OBJC_LITERAL_CONVERSION = YES;
				CLANG_WARN_OBJC_ROOT_CLASS = YES_ERROR;
				CLANG_WARN_RANGE_LOOP_ANALYSIS = YES;
				CLANG_WARN_STRICT_PROTOTYPES = YES;
				CLANG_WARN_SUSPICIOUS_MOVE = YES;
				CLANG_WARN_UNGUARDED_AVAILABILITY = YES_AGGRESSIVE;
				CLANG_WARN_UNREACHABLE_CODE = YES;
				CLANG_WARN__DUPLICATE_METHOD_MATCH = YES;
				CODE_SIGN_IDENTITY = "iPhone Developer";
				COPY_PHASE_STRIP = NO;
				DEBUG_INFORMATION_FORMAT = "dwarf-with-dsym";
				ENABLE_NS_ASSERTIONS = NO;
				ENABLE_STRICT_OBJC_MSGSEND = YES;
				GCC_C_LANGUAGE_STANDARD = gnu11;
				GCC_NO_COMMON_BLOCKS = YES;
				GCC_WARN_64_TO_32_BIT_CONVERSION = YES;
				GCC_WARN_ABOUT_RETURN_TYPE = YES_ERROR;
				GCC_WARN_UNDECLARED_SELECTOR = YES;
				GCC_WARN_UNINITIALIZED_AUTOS = YES_AGGRESSIVE;
				GCC_WARN_UNUSED_FUNCTION = YES;
				GCC_WARN_UNUSED_VARIABLE = YES;
				IPHONEOS_DEPLOYMENT_TARGET = 12.1;
				MTL_ENABLE_DEBUG_INFO = NO;
				MTL_FAST_MATH = YES;
				SDKROOT = iphoneos;
				SWIFT_COMPILATION_MODE = wholemodule;
				SWIFT_OPTIMIZATION_LEVEL = "-O";
				VALIDATE_PRODUCT = YES;
			};
			name = Release;
		};
		3F55AF4221E3B66D0099A11D /* Debug */ = {
			isa = XCBuildConfiguration;
			baseConfigurationReference = 5EDE360CA791BD5B41D17FAC /* Pods-TwitterExample.debug.xcconfig */;
			buildSettings = {
				ASSETCATALOG_COMPILER_APPICON_NAME = AppIcon;
				CODE_SIGN_STYLE = Automatic;
				INFOPLIST_FILE = TwitterExample/Info.plist;
				IPHONEOS_DEPLOYMENT_TARGET = 10.0;
				LD_RUNPATH_SEARCH_PATHS = (
					"$(inherited)",
					"@executable_path/Frameworks",
				);
				PRODUCT_BUNDLE_IDENTIFIER = KevinYu.TwitterExample;
				PRODUCT_NAME = "$(TARGET_NAME)";
				SWIFT_VERSION = 4.2;
				TARGETED_DEVICE_FAMILY = "1,2";
			};
			name = Debug;
		};
		3F55AF4321E3B66D0099A11D /* Release */ = {
			isa = XCBuildConfiguration;
			baseConfigurationReference = 32840E0B49A40EA09663F89B /* Pods-TwitterExample.release.xcconfig */;
			buildSettings = {
				ASSETCATALOG_COMPILER_APPICON_NAME = AppIcon;
				CODE_SIGN_STYLE = Automatic;
				INFOPLIST_FILE = TwitterExample/Info.plist;
				IPHONEOS_DEPLOYMENT_TARGET = 10.0;
				LD_RUNPATH_SEARCH_PATHS = (
					"$(inherited)",
					"@executable_path/Frameworks",
				);
				PRODUCT_BUNDLE_IDENTIFIER = KevinYu.TwitterExample;
				PRODUCT_NAME = "$(TARGET_NAME)";
				SWIFT_VERSION = 4.2;
				TARGETED_DEVICE_FAMILY = "1,2";
			};
			name = Release;
		};
/* End XCBuildConfiguration section */

/* Begin XCConfigurationList section */
		3F55AF2A21E3B66C0099A11D /* Build configuration list for PBXProject "TwitterExample" */ = {
			isa = XCConfigurationList;
			buildConfigurations = (
				3F55AF3F21E3B66D0099A11D /* Debug */,
				3F55AF4021E3B66D0099A11D /* Release */,
			);
			defaultConfigurationIsVisible = 0;
			defaultConfigurationName = Release;
		};
		3F55AF4121E3B66D0099A11D /* Build configuration list for PBXNativeTarget "TwitterExample" */ = {
			isa = XCConfigurationList;
			buildConfigurations = (
				3F55AF4221E3B66D0099A11D /* Debug */,
				3F55AF4321E3B66D0099A11D /* Release */,
			);
			defaultConfigurationIsVisible = 0;
			defaultConfigurationName = Release;
		};
/* End XCConfigurationList section */
	};
	rootObject = 3F55AF2721E3B66C0099A11D /* Project object */;
}
